
Microsoft Visual Studio Solution File, Format Version 12.00
# Visual Studio Version 16
VisualStudioVersion = 16.0.31424.327
MinimumVisualStudioVersion = 10.0.40219.1
Project("{2150E333-8FDC-42A3-9474-1A3956D46DE8}") = "ADONET", "ADONET", "{8A25655D-9898-4FCD-BFB2-A8540D47449D}"
	ProjectSection(SolutionItems) = preProject
		FinalTask.txt = FinalTask.txt
	EndProjectSection
EndProject
Project("{9A19103F-16F7-4668-BE54-9A1E7A4F7556}") = "Cafe", "Cafe\Cafe.csproj", "{A869D365-6BD3-4CA4-81F7-F0C684F4AB31}"
EndProject
Project("{9A19103F-16F7-4668-BE54-9A1E7A4F7556}") = "Cafe.Models", "Cafe.Models\Cafe.Models.csproj", "{84A6EFEB-79EB-45B3-93C7-7BA3F9478F0D}"
EndProject
Project("{2150E333-8FDC-42A3-9474-1A3956D46DE8}") = "EFCore", "EFCore", "{F526A887-8338-4A2F-A67E-17182C4124F7}"
EndProject
Project("{9A19103F-16F7-4668-BE54-9A1E7A4F7556}") = "CafeAdmin", "CafeAdmin\CafeAdmin.csproj", "{64BED444-1F23-453B-9EE3-32CDF5BFE76C}"
EndProject
Project("{9A19103F-16F7-4668-BE54-9A1E7A4F7556}") = "Cafe.Data", "Cafe.Data\Cafe.Data.csproj", "{CC1B166A-CA8A-4501-9B5A-895955634DFB}"
EndProject
Project("{9A19103F-16F7-4668-BE54-9A1E7A4F7556}") = "Cafe.WPF.UserControls", "Cafe.WPF.UserControls\Cafe.WPF.UserControls.csproj", "{BA94DE76-D466-4D30-85F9-690C21E22181}"
EndProject
Project("{9A19103F-16F7-4668-BE54-9A1E7A4F7556}") = "Cafe.Tests", "Cafe.Tests\Cafe.Tests.csproj", "{D5E7FD4A-E5FA-44C2-A5E1-0E28065C19C4}"
EndProject
Project("{9A19103F-16F7-4668-BE54-9A1E7A4F7556}") = "CafeBar", "CafeBar\CafeBar.csproj", "{B5E1B624-A085-4AE3-9C1D-6A6FCD8B5B6E}"
EndProject
Project("{FAE04EC0-301F-11D3-BF4B-00C04F79EFBC}") = "CafeKitchen", "CafeKitchen\CafeKitchen.csproj", "{161D9DC7-8A61-477B-8051-60F550256DBC}"
EndProject
Global
	GlobalSection(SolutionConfigurationPlatforms) = preSolution
		Debug|Any CPU = Debug|Any CPU
		Release|Any CPU = Release|Any CPU
	EndGlobalSection
	GlobalSection(ProjectConfigurationPlatforms) = postSolution
		{A869D365-6BD3-4CA4-81F7-F0C684F4AB31}.Debug|Any CPU.ActiveCfg = Debug|Any CPU
		{A869D365-6BD3-4CA4-81F7-F0C684F4AB31}.Debug|Any CPU.Build.0 = Debug|Any CPU
		{A869D365-6BD3-4CA4-81F7-F0C684F4AB31}.Release|Any CPU.ActiveCfg = Release|Any CPU
		{A869D365-6BD3-4CA4-81F7-F0C684F4AB31}.Release|Any CPU.Build.0 = Release|Any CPU
		{84A6EFEB-79EB-45B3-93C7-7BA3F9478F0D}.Debug|Any CPU.ActiveCfg = Debug|Any CPU
		{84A6EFEB-79EB-45B3-93C7-7BA3F9478F0D}.Debug|Any CPU.Build.0 = Debug|Any CPU
		{84A6EFEB-79EB-45B3-93C7-7BA3F9478F0D}.Release|Any CPU.ActiveCfg = Release|Any CPU
		{84A6EFEB-79EB-45B3-93C7-7BA3F9478F0D}.Release|Any CPU.Build.0 = Release|Any CPU
		{64BED444-1F23-453B-9EE3-32CDF5BFE76C}.Debug|Any CPU.ActiveCfg = Debug|Any CPU
		{64BED444-1F23-453B-9EE3-32CDF5BFE76C}.Debug|Any CPU.Build.0 = Debug|Any CPU
		{64BED444-1F23-453B-9EE3-32CDF5BFE76C}.Release|Any CPU.ActiveCfg = Release|Any CPU
		{64BED444-1F23-453B-9EE3-32CDF5BFE76C}.Release|Any CPU.Build.0 = Release|Any CPU
		{CC1B166A-CA8A-4501-9B5A-895955634DFB}.Debug|Any CPU.ActiveCfg = Debug|Any CPU
		{CC1B166A-CA8A-4501-9B5A-895955634DFB}.Debug|Any CPU.Build.0 = Debug|Any CPU
		{CC1B166A-CA8A-4501-9B5A-895955634DFB}.Release|Any CPU.ActiveCfg = Release|Any CPU
		{CC1B166A-CA8A-4501-9B5A-895955634DFB}.Release|Any CPU.Build.0 = Release|Any CPU
		{BA94DE76-D466-4D30-85F9-690C21E22181}.Debug|Any CPU.ActiveCfg = Debug|Any CPU
		{BA94DE76-D466-4D30-85F9-690C21E22181}.Debug|Any CPU.Build.0 = Debug|Any CPU
		{BA94DE76-D466-4D30-85F9-690C21E22181}.Release|Any CPU.ActiveCfg = Release|Any CPU
		{BA94DE76-D466-4D30-85F9-690C21E22181}.Release|Any CPU.Build.0 = Release|Any CPU
		{D5E7FD4A-E5FA-44C2-A5E1-0E28065C19C4}.Debug|Any CPU.ActiveCfg = Debug|Any CPU
		{D5E7FD4A-E5FA-44C2-A5E1-0E28065C19C4}.Debug|Any CPU.Build.0 = Debug|Any CPU
		{D5E7FD4A-E5FA-44C2-A5E1-0E28065C19C4}.Release|Any CPU.ActiveCfg = Release|Any CPU
		{D5E7FD4A-E5FA-44C2-A5E1-0E28065C19C4}.Release|Any CPU.Build.0 = Release|Any CPU
		{B5E1B624-A085-4AE3-9C1D-6A6FCD8B5B6E}.Debug|Any CPU.ActiveCfg = Debug|Any CPU
		{B5E1B624-A085-4AE3-9C1D-6A6FCD8B5B6E}.Debug|Any CPU.Build.0 = Debug|Any CPU
		{B5E1B624-A085-4AE3-9C1D-6A6FCD8B5B6E}.Release|Any CPU.ActiveCfg = Release|Any CPU
		{B5E1B624-A085-4AE3-9C1D-6A6FCD8B5B6E}.Release|Any CPU.Build.0 = Release|Any CPU
		{161D9DC7-8A61-477B-8051-60F550256DBC}.Debug|Any CPU.ActiveCfg = Debug|Any CPU
		{161D9DC7-8A61-477B-8051-60F550256DBC}.Debug|Any CPU.Build.0 = Debug|Any CPU
		{161D9DC7-8A61-477B-8051-60F550256DBC}.Release|Any CPU.ActiveCfg = Release|Any CPU
		{161D9DC7-8A61-477B-8051-60F550256DBC}.Release|Any CPU.Build.0 = Release|Any CPU
	EndGlobalSection
	GlobalSection(SolutionProperties) = preSolution
		HideSolutionNode = FALSE
	EndGlobalSection
	GlobalSection(NestedProjects) = preSolution
		{A869D365-6BD3-4CA4-81F7-F0C684F4AB31} = {F526A887-8338-4A2F-A67E-17182C4124F7}
		{84A6EFEB-79EB-45B3-93C7-7BA3F9478F0D} = {F526A887-8338-4A2F-A67E-17182C4124F7}
		{F526A887-8338-4A2F-A67E-17182C4124F7} = {8A25655D-9898-4FCD-BFB2-A8540D47449D}
		{64BED444-1F23-453B-9EE3-32CDF5BFE76C} = {F526A887-8338-4A2F-A67E-17182C4124F7}
		{CC1B166A-CA8A-4501-9B5A-895955634DFB} = {F526A887-8338-4A2F-A67E-17182C4124F7}
		{BA94DE76-D466-4D30-85F9-690C21E22181} = {F526A887-8338-4A2F-A67E-17182C4124F7}
		{D5E7FD4A-E5FA-44C2-A5E1-0E28065C19C4} = {F526A887-8338-4A2F-A67E-17182C4124F7}
		{B5E1B624-A085-4AE3-9C1D-6A6FCD8B5B6E} = {F526A887-8338-4A2F-A67E-17182C4124F7}
		{161D9DC7-8A61-477B-8051-60F550256DBC} = {F526A887-8338-4A2F-A67E-17182C4124F7}
	EndGlobalSection
	GlobalSection(ExtensibilityGlobals) = postSolution
		SolutionGuid = {C286B7E9-C1BE-47D2-BED6-BCFB5BF05F2B}
	EndGlobalSection
EndGlobal
